
Microsoft Visual Studio Solution File, Format Version 12.00
# Visual Studio Version 16
VisualStudioVersion = 16.0.30309.148
MinimumVisualStudioVersion = 10.0.40219.1
Project("{FAE04EC0-301F-11D3-BF4B-00C04F79EFBC}") = "ExtractGPXData", "ExtractGPXData\ExtractGPXData.csproj", "{94A6DA17-81B9-49EB-8AA7-23FF875D2DC3}"
EndProject
Global
	GlobalSection(SolutionConfigurationPlatforms) = preSolution
		Debug|Any CPU = Debug|Any CPU
		Release|Any CPU = Release|Any CPU
	EndGlobalSection
	GlobalSection(ProjectConfigurationPlatforms) = postSolution
		{94A6DA17-81B9-49EB-8AA7-23FF875D2DC3}.Debug|Any CPU.ActiveCfg = Debug|Any CPU
		{94A6DA17-81B9-49EB-8AA7-23FF875D2DC3}.Debug|Any CPU.Build.0 = Debug|Any CPU
		{94A6DA17-81B9-49EB-8AA7-23FF875D2DC3}.Release|Any CPU.ActiveCfg = Release|Any CPU
		{94A6DA17-81B9-49EB-8AA7-23FF875D2DC3}.Release|Any CPU.Build.0 = Release|Any CPU
	EndGlobalSection
	GlobalSection(SolutionProperties) = preSolution
		HideSolutionNode = FALSE
	EndGlobalSection
	GlobalSection(ExtensibilityGlobals) = postSolution
		SolutionGuid = {5A68FD68-5AAB-43F0-BEC3-F62D2DAD1F71}
	EndGlobalSection
EndGlobal
